// !$*UTF8*$!
{
	archiveVersion = 1;
	classes = {
	};
	objectVersion = 46;
	objects = {

/* Begin PBXBuildFile section */
		E533E1A31AEA4566004DD614 /* main.cpp in Sources */ = {isa = PBXBuildFile; fileRef = E533E1A21AEA4566004DD614 /* main.cpp */; };
		E533E1AB1AEA458A004DD614 /* Meeting_t.cpp in Sources */ = {isa = PBXBuildFile; fileRef = E533E1A91AEA458A004DD614 /* Meeting_t.cpp */; };
		E533E1AE1AEA4BE6004DD614 /* DayCalendar_t.cpp in Sources */ = {isa = PBXBuildFile; fileRef = E533E1AC1AEA4BE6004DD614 /* DayCalendar_t.cpp */; };
/* End PBXBuildFile section */

/* Begin PBXCopyFilesBuildPhase section */
		E533E19D1AEA4566004DD614 /* CopyFiles */ = {
			isa = PBXCopyFilesBuildPhase;
			buildActionMask = 2147483647;
			dstPath = /usr/share/man/man1/;
			dstSubfolderSpec = 0;
			files = (
			);
			runOnlyForDeploymentPostprocessing = 1;
		};
/* End PBXCopyFilesBuildPhase section */

/* Begin PBXFileReference section */
		E533E19F1AEA4566004DD614 /* temp */ = {isa = PBXFileReference; explicitFileType = "compiled.mach-o.executable"; includeInIndex = 0; path = temp; sourceTree = BUILT_PRODUCTS_DIR; };
		E533E1A21AEA4566004DD614 /* main.cpp */ = {isa = PBXFileReference; lastKnownFileType = sourcecode.cpp.cpp; path = main.cpp; sourceTree = "<group>"; };
		E533E1A91AEA458A004DD614 /* Meeting_t.cpp */ = {isa = PBXFileReference; fileEncoding = 4; lastKnownFileType = sourcecode.cpp.cpp; path = Meeting_t.cpp; sourceTree = "<group>"; };
		E533E1AA1AEA458A004DD614 /* Meeting_t.h */ = {isa = PBXFileReference; fileEncoding = 4; lastKnownFileType = sourcecode.c.h; path = Meeting_t.h; sourceTree = "<group>"; };
		E533E1AC1AEA4BE6004DD614 /* DayCalendar_t.cpp */ = {isa = PBXFileReference; fileEncoding = 4; lastKnownFileType = sourcecode.cpp.cpp; path = DayCalendar_t.cpp; sourceTree = "<group>"; };
		E533E1AD1AEA4BE6004DD614 /* DayCalendar_t.h */ = {isa = PBXFileReference; fileEncoding = 4; lastKnownFileType = sourcecode.c.h; path = DayCalendar_t.h; sourceTree = "<group>"; };
/* End PBXFileReference section */

/* Begin PBXFrameworksBuildPhase section */
		E533E19C1AEA4566004DD614 /* Frameworks */ = {
			isa = PBXFrameworksBuildPhase;
			buildActionMask = 2147483647;
			files = (
			);
			runOnlyForDeploymentPostprocessing = 0;
		};
/* End PBXFrameworksBuildPhase section */

/* Begin PBXGroup section */
		E533E1961AEA4566004DD614 = {
			isa = PBXGroup;
			children = (
				E533E1A11AEA4566004DD614 /* temp */,
				E533E1A01AEA4566004DD614 /* Products */,
			);
			sourceTree = "<group>";
		};
		E533E1A01AEA4566004DD614 /* Products */ = {
			isa = PBXGroup;
			children = (
				E533E19F1AEA4566004DD614 /* temp */,
			);
			name = Products;
			sourceTree = "<group>";
		};
		E533E1A11AEA4566004DD614 /* temp */ = {
			isa = PBXGroup;
			children = (
				E533E1A21AEA4566004DD614 /* main.cpp */,
				E533E1A91AEA458A004DD614 /* Meeting_t.cpp */,
				E533E1AA1AEA458A004DD614 /* Meeting_t.h */,
				E533E1AC1AEA4BE6004DD614 /* DayCalendar_t.cpp */,
				E533E1AD1AEA4BE6004DD614 /* DayCalendar_t.h */,
			);
			path = temp;
			sourceTree = "<group>";
		};
/* End PBXGroup section */

/* Begin PBXNativeTarget section */
		E533E19E1AEA4566004DD614 /* temp */ = {
			isa = PBXNativeTarget;
			buildConfigurationList = E533E1A61AEA4566004DD614 /* Build configuration list for PBXNativeTarget "temp" */;
			buildPhases = (
				E533E19B1AEA4566004DD614 /* Sources */,
				E533E19C1AEA4566004DD614 /* Frameworks */,
				E533E19D1AEA4566004DD614 /* CopyFiles */,
			);
			buildRules = (
			);
			dependencies = (
			);
			name = temp;
			productName = temp;
			productReference = E533E19F1AEA4566004DD614 /* temp */;
			productType = "com.apple.product-type.tool";
		};
/* End PBXNativeTarget section */

/* Begin PBXProject section */
		E533E1971AEA4566004DD614 /* Project object */ = {
			isa = PBXProject;
			attributes = {
				LastUpgradeCheck = 0630;
				ORGANIZATIONNAME = "lior bomwurzel";
				TargetAttributes = {
					E533E19E1AEA4566004DD614 = {
						CreatedOnToolsVersion = 6.3;
					};
				};
			};
			buildConfigurationList = E533E19A1AEA4566004DD614 /* Build configuration list for PBXProject "temp" */;
			compatibilityVersion = "Xcode 3.2";
			developmentRegion = English;
			hasScannedForEncodings = 0;
			knownRegions = (
				en,
			);
			mainGroup = E533E1961AEA4566004DD614;
			productRefGroup = E533E1A01AEA4566004DD614 /* Products */;
			projectDirPath = "";
			projectRoot = "";
			targets = (
				E533E19E1AEA4566004DD614 /* temp */,
			);
		};
/* End PBXProject section */

/* Begin PBXSourcesBuildPhase section */
		E533E19B1AEA4566004DD614 /* Sources */ = {
			isa = PBXSourcesBuildPhase;
			buildActionMask = 2147483647;
			files = (
				E533E1AB1AEA458A004DD614 /* Meeting_t.cpp in Sources */,
				E533E1AE1AEA4BE6004DD614 /* DayCalendar_t.cpp in Sources */,
				E533E1A31AEA4566004DD614 /* main.cpp in Sources */,
			);
			runOnlyForDeploymentPostprocessing = 0;
		};
/* End PBXSourcesBuildPhase section */

/* Begin XCBuildConfiguration section */
		E533E1A41AEA4566004DD614 /* Debug */ = {
			isa = XCBuildConfiguration;
			buildSettings = {
				ALWAYS_SEARCH_USER_PATHS = NO;
				CLANG_CXX_LANGUAGE_STANDARD = "gnu++0x";
				CLANG_CXX_LIBRARY = "libc++";
				CLANG_ENABLE_MODULES = YES;
				CLANG_ENABLE_OBJC_ARC = YES;
				CLANG_WARN_BOOL_CONVERSION = YES;
				CLANG_WARN_CONSTANT_CONVERSION = YES;
				CLANG_WARN_DIRECT_OBJC_ISA_USAGE = YES_ERROR;
				CLANG_WARN_EMPTY_BODY = YES;
				CLANG_WARN_ENUM_CONVERSION = YES;
				CLANG_WARN_INT_CONVERSION = YES;
				CLANG_WARN_OBJC_ROOT_CLASS = YES_ERROR;
				CLANG_WARN_UNREACHABLE_CODE = YES;
				CLANG_WARN__DUPLICATE_METHOD_MATCH = YES;
				COPY_PHASE_STRIP = NO;
				DEBUG_INFORMATION_FORMAT = dwarf;
				ENABLE_STRICT_OBJC_MSGSEND = YES;
				GCC_C_LANGUAGE_STANDARD = gnu99;
				GCC_DYNAMIC_NO_PIC = NO;
				GCC_NO_COMMON_BLOCKS = YES;
				GCC_OPTIMIZATION_LEVEL = 0;
				GCC_PREPROCESSOR_DEFINITIONS = (
					"DEBUG=1",
					"$(inherited)",
				);
				GCC_SYMBOLS_PRIVATE_EXTERN = NO;
				GCC_WARN_64_TO_32_BIT_CONVERSION = YES;
				GCC_WARN_ABOUT_RETURN_TYPE = YES_ERROR;
				GCC_WARN_UNDECLARED_SELECTOR = YES;
				GCC_WARN_UNINITIALIZED_AUTOS = YES_AGGRESSIVE;
				GCC_WARN_UNUSED_FUNCTION = YES;
				GCC_WARN_UNUSED_VARIABLE = YES;
				MACOSX_DEPLOYMENT_TARGET = 10.10;
				MTL_ENABLE_DEBUG_INFO = YES;
				ONLY_ACTIVE_ARCH = YES;
				SDKROOT = macosx;
			};
			name = Debug;
		};
		E533E1A51AEA4566004DD614 /* Release */ = {
			isa = XCBuildConfiguration;
			buildSettings = {
				ALWAYS_SEARCH_USER_PATHS = NO;
				CLANG_CXX_LANGUAGE_STANDARD = "gnu++0x";
				CLANG_CXX_LIBRARY = "libc++";
				CLANG_ENABLE_MODULES = YES;
				CLANG_ENABLE_OBJC_ARC = YES;
				CLANG_WARN_BOOL_CONVERSION = YES;
				CLANG_WARN_CONSTANT_CONVERSION = YES;
				CLANG_WARN_DIRECT_OBJC_ISA_USAGE = YES_ERROR;
				CLANG_WARN_EMPTY_BODY = YES;
				CLANG_WARN_ENUM_CONVERSION = YES;
				CLANG_WARN_INT_CONVERSION = YES;
				CLANG_WARN_OBJC_ROOT_CLASS = YES_ERROR;
				CLANG_WARN_UNREACHABLE_CODE = YES;
				CLANG_WARN__DUPLICATE_METHOD_MATCH = YES;
				COPY_PHASE_STRIP = NO;
				DEBUG_INFORMATION_FORMAT = "dwarf-with-dsym";
				ENABLE_NS_ASSERTIONS = NO;
				ENABLE_STRICT_OBJC_MSGSEND = YES;
				GCC_C_LANGUAGE_STANDARD = gnu99;
				GCC_NO_COMMON_BLOCKS = YES;
				GCC_WARN_64_TO_32_BIT_CONVERSION = YES;
				GCC_WARN_ABOUT_RETURN_TYPE = YES_ERROR;
				GCC_WARN_UNDECLARED_SELECTOR = YES;
				GCC_WARN_UNINITIALIZED_AUTOS = YES_AGGRESSIVE;
				GCC_WARN_UNUSED_FUNCTION = YES;
				GCC_WARN_UNUSED_VARIABLE = YES;
				MACOSX_DEPLOYMENT_TARGET = 10.10;
				MTL_ENABLE_DEBUG_INFO = NO;
				SDKROOT = macosx;
			};
			name = Release;
		};
		E533E1A71AEA4566004DD614 /* Debug */ = {
			isa = XCBuildConfiguration;
			buildSettings = {
				PRODUCT_NAME = "$(TARGET_NAME)";
			};
			name = Debug;
		};
		E533E1A81AEA4566004DD614 /* Release */ = {
			isa = XCBuildConfiguration;
			buildSettings = {
				PRODUCT_NAME = "$(TARGET_NAME)";
			};
			name = Release;
		};
/* End XCBuildConfiguration section */

/* Begin XCConfigurationList section */
		E533E19A1AEA4566004DD614 /* Build configuration list for PBXProject "temp" */ = {
			isa = XCConfigurationList;
			buildConfigurations = (
				E533E1A41AEA4566004DD614 /* Debug */,
				E533E1A51AEA4566004DD614 /* Release */,
			);
			defaultConfigurationIsVisible = 0;
			defaultConfigurationName = Release;
		};
		E533E1A61AEA4566004DD614 /* Build configuration list for PBXNativeTarget "temp" */ = {
			isa = XCConfigurationList;
			buildConfigurations = (
				E533E1A71AEA4566004DD614 /* Debug */,
				E533E1A81AEA4566004DD614 /* Release */,
			);
			defaultConfigurationIsVisible = 0;
		};
/* End XCConfigurationList section */
	};
	rootObject = E533E1971AEA4566004DD614 /* Project object */;
}
